// !$*UTF8*$!
{
	archiveVersion = 1;
	classes = {
	};
	objectVersion = 77;
	objects = {

/* Begin PBXBuildFile section */
		FC2D87022D305D3C0091D107 /* SignInView.swift in Sources */ = {isa = PBXBuildFile; fileRef = FC2D87012D305D3C0091D107 /* SignInView.swift */; };
		FC2D87042D305D9F0091D107 /* SignUpView.swift in Sources */ = {isa = PBXBuildFile; fileRef = FC2D87032D305D9F0091D107 /* SignUpView.swift */; };
		FC2D87062D305EF00091D107 /* FirebaseAuth in Frameworks */ = {isa = PBXBuildFile; productRef = FC2D87052D305EF00091D107 /* FirebaseAuth */; };
		FC2D87082D305EF00091D107 /* FirebaseCore in Frameworks */ = {isa = PBXBuildFile; productRef = FC2D87072D305EF00091D107 /* FirebaseCore */; };
		FC2D870A2D305EF00091D107 /* FirebaseDatabase in Frameworks */ = {isa = PBXBuildFile; productRef = FC2D87092D305EF00091D107 /* FirebaseDatabase */; };
		FC40E5782CF53E1400221B75 /* SplashScreen.swift in Sources */ = {isa = PBXBuildFile; fileRef = FC40E5772CF53E1400221B75 /* SplashScreen.swift */; };
		FCA566DB2CF0CEA6003F8DA0 /* FirebaseAnalytics in Frameworks */ = {isa = PBXBuildFile; productRef = FCA566DA2CF0CEA6003F8DA0 /* FirebaseAnalytics */; };
		FCA566DD2CF0CEA6003F8DA0 /* FirebaseAnalyticsOnDeviceConversion in Frameworks */ = {isa = PBXBuildFile; productRef = FCA566DC2CF0CEA6003F8DA0 /* FirebaseAnalyticsOnDeviceConversion */; };
		FCA566DF2CF0CEA6003F8DA0 /* FirebaseAnalyticsWithoutAdIdSupport in Frameworks */ = {isa = PBXBuildFile; productRef = FCA566DE2CF0CEA6003F8DA0 /* FirebaseAnalyticsWithoutAdIdSupport */; };
		FCA566E12CF0CEA6003F8DA0 /* FirebaseAppCheck in Frameworks */ = {isa = PBXBuildFile; productRef = FCA566E02CF0CEA6003F8DA0 /* FirebaseAppCheck */; };
		FCA566E32CF0CEA6003F8DA0 /* FirebaseAuth in Frameworks */ = {isa = PBXBuildFile; productRef = FCA566E22CF0CEA6003F8DA0 /* FirebaseAuth */; };
		FCA566E52CF0CEA6003F8DA0 /* FirebaseFirestore in Frameworks */ = {isa = PBXBuildFile; productRef = FCA566E42CF0CEA6003F8DA0 /* FirebaseFirestore */; };
		FCA566E72CF0CEA6003F8DA0 /* FirebaseFirestoreCombine-Community in Frameworks */ = {isa = PBXBuildFile; productRef = FCA566E62CF0CEA6003F8DA0 /* FirebaseFirestoreCombine-Community */; };
		FCB0C11C2CF8B74300CADE2E /* AdminDashboard.swift in Sources */ = {isa = PBXBuildFile; fileRef = FCB0C11B2CF8B74300CADE2E /* AdminDashboard.swift */; };
/* End PBXBuildFile section */

/* Begin PBXContainerItemProxy section */
		FCA566BB2CF0CA0C003F8DA0 /* PBXContainerItemProxy */ = {
			isa = PBXContainerItemProxy;
			containerPortal = FCA566A22CF0CA0B003F8DA0 /* Project object */;
			proxyType = 1;
			remoteGlobalIDString = FCA566A92CF0CA0B003F8DA0;
			remoteInfo = FitnessApp;
		};
		FCA566C52CF0CA0C003F8DA0 /* PBXContainerItemProxy */ = {
			isa = PBXContainerItemProxy;
			containerPortal = FCA566A22CF0CA0B003F8DA0 /* Project object */;
			proxyType = 1;
			remoteGlobalIDString = FCA566A92CF0CA0B003F8DA0;
			remoteInfo = FitnessApp;
		};
/* End PBXContainerItemProxy section */

/* Begin PBXFileReference section */
		FC2D87012D305D3C0091D107 /* SignInView.swift */ = {isa = PBXFileReference; lastKnownFileType = sourcecode.swift; path = SignInView.swift; sourceTree = "<group>"; };
		FC2D87032D305D9F0091D107 /* SignUpView.swift */ = {isa = PBXFileReference; lastKnownFileType = sourcecode.swift; path = SignUpView.swift; sourceTree = "<group>"; };
		FC40E5772CF53E1400221B75 /* SplashScreen.swift */ = {isa = PBXFileReference; lastKnownFileType = sourcecode.swift; path = SplashScreen.swift; sourceTree = "<group>"; };
		FCA566AA2CF0CA0B003F8DA0 /* FitnessApp.app */ = {isa = PBXFileReference; explicitFileType = wrapper.application; includeInIndex = 0; path = FitnessApp.app; sourceTree = BUILT_PRODUCTS_DIR; };
		FCA566BA2CF0CA0C003F8DA0 /* FitnessAppTests.xctest */ = {isa = PBXFileReference; explicitFileType = wrapper.cfbundle; includeInIndex = 0; path = FitnessAppTests.xctest; sourceTree = BUILT_PRODUCTS_DIR; };
		FCA566C42CF0CA0C003F8DA0 /* FitnessAppUITests.xctest */ = {isa = PBXFileReference; explicitFileType = wrapper.cfbundle; includeInIndex = 0; path = FitnessAppUITests.xctest; sourceTree = BUILT_PRODUCTS_DIR; };
		FCB0C11B2CF8B74300CADE2E /* AdminDashboard.swift */ = {isa = PBXFileReference; lastKnownFileType = sourcecode.swift; path = AdminDashboard.swift; sourceTree = "<group>"; };
/* End PBXFileReference section */

/* Begin PBXFileSystemSynchronizedRootGroup section */
		FCA566AC2CF0CA0B003F8DA0 /* FitnessApp */ = {
			isa = PBXFileSystemSynchronizedRootGroup;
			path = FitnessApp;
			sourceTree = "<group>";
		};
		FCA566BD2CF0CA0C003F8DA0 /* FitnessAppTests */ = {
			isa = PBXFileSystemSynchronizedRootGroup;
			path = FitnessAppTests;
			sourceTree = "<group>";
		};
		FCA566C72CF0CA0C003F8DA0 /* FitnessAppUITests */ = {
			isa = PBXFileSystemSynchronizedRootGroup;
			path = FitnessAppUITests;
			sourceTree = "<group>";
		};
/* End PBXFileSystemSynchronizedRootGroup section */

/* Begin PBXFrameworksBuildPhase section */
		FCA566A72CF0CA0B003F8DA0 /* Frameworks */ = {
			isa = PBXFrameworksBuildPhase;
			buildActionMask = 2147483647;
			files = (
				FCA566E12CF0CEA6003F8DA0 /* FirebaseAppCheck in Frameworks */,
				FCA566E32CF0CEA6003F8DA0 /* FirebaseAuth in Frameworks */,
				FCA566DB2CF0CEA6003F8DA0 /* FirebaseAnalytics in Frameworks */,
				FCA566DF2CF0CEA6003F8DA0 /* FirebaseAnalyticsWithoutAdIdSupport in Frameworks */,
				FCA566DD2CF0CEA6003F8DA0 /* FirebaseAnalyticsOnDeviceConversion in Frameworks */,
				FCA566E52CF0CEA6003F8DA0 /* FirebaseFirestore in Frameworks */,
				FC2D870A2D305EF00091D107 /* FirebaseDatabase in Frameworks */,
				FC2D87082D305EF00091D107 /* FirebaseCore in Frameworks */,
				FCA566E72CF0CEA6003F8DA0 /* FirebaseFirestoreCombine-Community in Frameworks */,
			);
			runOnlyForDeploymentPostprocessing = 0;
		};
		FCA566B72CF0CA0C003F8DA0 /* Frameworks */ = {
			isa = PBXFrameworksBuildPhase;
			buildActionMask = 2147483647;
			files = (
				FC2D87062D305EF00091D107 /* FirebaseAuth in Frameworks */,
			);
			runOnlyForDeploymentPostprocessing = 0;
		};
		FCA566C12CF0CA0C003F8DA0 /* Frameworks */ = {
			isa = PBXFrameworksBuildPhase;
			buildActionMask = 2147483647;
			files = (
			);
			runOnlyForDeploymentPostprocessing = 0;
		};
/* End PBXFrameworksBuildPhase section */

/* Begin PBXGroup section */
		FCA566A12CF0CA0B003F8DA0 = {
			isa = PBXGroup;
			children = (
				FCB0C11B2CF8B74300CADE2E /* AdminDashboard.swift */,
				FC40E5772CF53E1400221B75 /* SplashScreen.swift */,
				FC2D87012D305D3C0091D107 /* SignInView.swift */,
				FC2D87032D305D9F0091D107 /* SignUpView.swift */,
				FCA566AC2CF0CA0B003F8DA0 /* FitnessApp */,
				FCA566BD2CF0CA0C003F8DA0 /* FitnessAppTests */,
				FCA566C72CF0CA0C003F8DA0 /* FitnessAppUITests */,
				FCA566AB2CF0CA0B003F8DA0 /* Products */,
			);
			sourceTree = "<group>";
		};
		FCA566AB2CF0CA0B003F8DA0 /* Products */ = {
			isa = PBXGroup;
			children = (
				FCA566AA2CF0CA0B003F8DA0 /* FitnessApp.app */,
				FCA566BA2CF0CA0C003F8DA0 /* FitnessAppTests.xctest */,
				FCA566C42CF0CA0C003F8DA0 /* FitnessAppUITests.xctest */,
			);
			name = Products;
			sourceTree = "<group>";
		};
/* End PBXGroup section */

/* Begin PBXNativeTarget section */
		FCA566A92CF0CA0B003F8DA0 /* FitnessApp */ = {
			isa = PBXNativeTarget;
			buildConfigurationList = FCA566CE2CF0CA0C003F8DA0 /* Build configuration list for PBXNativeTarget "FitnessApp" */;
			buildPhases = (
				FCA566A62CF0CA0B003F8DA0 /* Sources */,
				FCA566A72CF0CA0B003F8DA0 /* Frameworks */,
				FCA566A82CF0CA0B003F8DA0 /* Resources */,
			);
			buildRules = (
			);
			dependencies = (
			);
			fileSystemSynchronizedGroups = (
				FCA566AC2CF0CA0B003F8DA0 /* FitnessApp */,
			);
			name = FitnessApp;
			packageProductDependencies = (
				FCA566DA2CF0CEA6003F8DA0 /* FirebaseAnalytics */,
				FCA566DC2CF0CEA6003F8DA0 /* FirebaseAnalyticsOnDeviceConversion */,
				FCA566DE2CF0CEA6003F8DA0 /* FirebaseAnalyticsWithoutAdIdSupport */,
				FCA566E02CF0CEA6003F8DA0 /* FirebaseAppCheck */,
				FCA566E22CF0CEA6003F8DA0 /* FirebaseAuth */,
				FCA566E42CF0CEA6003F8DA0 /* FirebaseFirestore */,
				FCA566E62CF0CEA6003F8DA0 /* FirebaseFirestoreCombine-Community */,
				FC2D87072D305EF00091D107 /* FirebaseCore */,
				FC2D87092D305EF00091D107 /* FirebaseDatabase */,
			);
			productName = FitnessApp;
			productReference = FCA566AA2CF0CA0B003F8DA0 /* FitnessApp.app */;
			productType = "com.apple.product-type.application";
		};
		FCA566B92CF0CA0C003F8DA0 /* FitnessAppTests */ = {
			isa = PBXNativeTarget;
			buildConfigurationList = FCA566D12CF0CA0C003F8DA0 /* Build configuration list for PBXNativeTarget "FitnessAppTests" */;
			buildPhases = (
				FCA566B62CF0CA0C003F8DA0 /* Sources */,
				FCA566B72CF0CA0C003F8DA0 /* Frameworks */,
				FCA566B82CF0CA0C003F8DA0 /* Resources */,
			);
			buildRules = (
			);
			dependencies = (
				FCA566BC2CF0CA0C003F8DA0 /* PBXTargetDependency */,
			);
			fileSystemSynchronizedGroups = (
				FCA566BD2CF0CA0C003F8DA0 /* FitnessAppTests */,
			);
			name = FitnessAppTests;
			packageProductDependencies = (
				FC2D87052D305EF00091D107 /* FirebaseAuth */,
			);
			productName = FitnessAppTests;
			productReference = FCA566BA2CF0CA0C003F8DA0 /* FitnessAppTests.xctest */;
			productType = "com.apple.product-type.bundle.unit-test";
		};
		FCA566C32CF0CA0C003F8DA0 /* FitnessAppUITests */ = {
			isa = PBXNativeTarget;
			buildConfigurationList = FCA566D42CF0CA0C003F8DA0 /* Build configuration list for PBXNativeTarget "FitnessAppUITests" */;
			buildPhases = (
				FCA566C02CF0CA0C003F8DA0 /* Sources */,
				FCA566C12CF0CA0C003F8DA0 /* Frameworks */,
				FCA566C22CF0CA0C003F8DA0 /* Resources */,
			);
			buildRules = (
			);
			dependencies = (
				FCA566C62CF0CA0C003F8DA0 /* PBXTargetDependency */,
			);
			fileSystemSynchronizedGroups = (
				FCA566C72CF0CA0C003F8DA0 /* FitnessAppUITests */,
			);
			name = FitnessAppUITests;
			packageProductDependencies = (
			);
			productName = FitnessAppUITests;
			productReference = FCA566C42CF0CA0C003F8DA0 /* FitnessAppUITests.xctest */;
			productType = "com.apple.product-type.bundle.ui-testing";
		};
/* End PBXNativeTarget section */

/* Begin PBXProject section */
		FCA566A22CF0CA0B003F8DA0 /* Project object */ = {
			isa = PBXProject;
			attributes = {
				BuildIndependentTargetsInParallel = 1;
				LastSwiftUpdateCheck = 1610;
				LastUpgradeCheck = 1610;
				TargetAttributes = {
					FCA566A92CF0CA0B003F8DA0 = {
						CreatedOnToolsVersion = 16.1;
					};
					FCA566B92CF0CA0C003F8DA0 = {
						CreatedOnToolsVersion = 16.1;
						TestTargetID = FCA566A92CF0CA0B003F8DA0;
					};
					FCA566C32CF0CA0C003F8DA0 = {
						CreatedOnToolsVersion = 16.1;
						TestTargetID = FCA566A92CF0CA0B003F8DA0;
					};
				};
			};
			buildConfigurationList = FCA566A52CF0CA0B003F8DA0 /* Build configuration list for PBXProject "FitnessApp" */;
			developmentRegion = en;
			hasScannedForEncodings = 0;
			knownRegions = (
				en,
				Base,
			);
			mainGroup = FCA566A12CF0CA0B003F8DA0;
			minimizedProjectReferenceProxies = 1;
			packageReferences = (
				FCA566D92CF0CEA6003F8DA0 /* XCRemoteSwiftPackageReference "firebase-ios-sdk" */,
			);
			preferredProjectObjectVersion = 77;
			productRefGroup = FCA566AB2CF0CA0B003F8DA0 /* Products */;
			projectDirPath = "";
			projectRoot = "";
			targets = (
				FCA566A92CF0CA0B003F8DA0 /* FitnessApp */,
				FCA566B92CF0CA0C003F8DA0 /* FitnessAppTests */,
				FCA566C32CF0CA0C003F8DA0 /* FitnessAppUITests */,
			);
		};
/* End PBXProject section */

/* Begin PBXResourcesBuildPhase section */
		FCA566A82CF0CA0B003F8DA0 /* Resources */ = {
			isa = PBXResourcesBuildPhase;
			buildActionMask = 2147483647;
			files = (
			);
			runOnlyForDeploymentPostprocessing = 0;
		};
		FCA566B82CF0CA0C003F8DA0 /* Resources */ = {
			isa = PBXResourcesBuildPhase;
			buildActionMask = 2147483647;
			files = (
			);
			runOnlyForDeploymentPostprocessing = 0;
		};
		FCA566C22CF0CA0C003F8DA0 /* Resources */ = {
			isa = PBXResourcesBuildPhase;
			buildActionMask = 2147483647;
			files = (
			);
			runOnlyForDeploymentPostprocessing = 0;
		};
/* End PBXResourcesBuildPhase section */

/* Begin PBXSourcesBuildPhase section */
		FCA566A62CF0CA0B003F8DA0 /* Sources */ = {
			isa = PBXSourcesBuildPhase;
			buildActionMask = 2147483647;
			files = (
				FC2D87022D305D3C0091D107 /* SignInView.swift in Sources */,
				FC40E5782CF53E1400221B75 /* SplashScreen.swift in Sources */,
				FC2D87042D305D9F0091D107 /* SignUpView.swift in Sources */,
				FCB0C11C2CF8B74300CADE2E /* AdminDashboard.swift in Sources */,
			);
			runOnlyForDeploymentPostprocessing = 0;
		};
		FCA566B62CF0CA0C003F8DA0 /* Sources */ = {
			isa = PBXSourcesBuildPhase;
			buildActionMask = 2147483647;
			files = (
			);
			runOnlyForDeploymentPostprocessing = 0;
		};
		FCA566C02CF0CA0C003F8DA0 /* Sources */ = {
			isa = PBXSourcesBuildPhase;
			buildActionMask = 2147483647;
			files = (
			);
			runOnlyForDeploymentPostprocessing = 0;
		};
/* End PBXSourcesBuildPhase section */

/* Begin PBXTargetDependency section */
		FCA566BC2CF0CA0C003F8DA0 /* PBXTargetDependency */ = {
			isa = PBXTargetDependency;
			target = FCA566A92CF0CA0B003F8DA0 /* FitnessApp */;
			targetProxy = FCA566BB2CF0CA0C003F8DA0 /* PBXContainerItemProxy */;
		};
		FCA566C62CF0CA0C003F8DA0 /* PBXTargetDependency */ = {
			isa = PBXTargetDependency;
			target = FCA566A92CF0CA0B003F8DA0 /* FitnessApp */;
			targetProxy = FCA566C52CF0CA0C003F8DA0 /* PBXContainerItemProxy */;
		};
/* End PBXTargetDependency section */

/* Begin XCBuildConfiguration section */
		FCA566CC2CF0CA0C003F8DA0 /* Debug */ = {
			isa = XCBuildConfiguration;
			buildSettings = {
				ALWAYS_SEARCH_USER_PATHS = NO;
				ASSETCATALOG_COMPILER_GENERATE_SWIFT_ASSET_SYMBOL_EXTENSIONS = YES;
				CLANG_ANALYZER_NONNULL = YES;
				CLANG_ANALYZER_NUMBER_OBJECT_CONVERSION = YES_AGGRESSIVE;
				CLANG_CXX_LANGUAGE_STANDARD = "gnu++20";
				CLANG_ENABLE_MODULES = YES;
				CLANG_ENABLE_OBJC_ARC = YES;
				CLANG_ENABLE_OBJC_WEAK = YES;
				CLANG_WARN_BLOCK_CAPTURE_AUTORELEASING = YES;
				CLANG_WARN_BOOL_CONVERSION = YES;
				CLANG_WARN_COMMA = YES;
				CLANG_WARN_CONSTANT_CONVERSION = YES;
				CLANG_WARN_DEPRECATED_OBJC_IMPLEMENTATIONS = YES;
				CLANG_WARN_DIRECT_OBJC_ISA_USAGE = YES_ERROR;
				CLANG_WARN_DOCUMENTATION_COMMENTS = YES;
				CLANG_WARN_EMPTY_BODY = YES;
				CLANG_WARN_ENUM_CONVERSION = YES;
				CLANG_WARN_INFINITE_RECURSION = YES;
				CLANG_WARN_INT_CONVERSION = YES;
				CLANG_WARN_NON_LITERAL_NULL_CONVERSION = YES;
				CLANG_WARN_OBJC_IMPLICIT_RETAIN_SELF = YES;
				CLANG_WARN_OBJC_LITERAL_CONVERSION = YES;
				CLANG_WARN_OBJC_ROOT_CLASS = YES_ERROR;
				CLANG_WARN_QUOTED_INCLUDE_IN_FRAMEWORK_HEADER = YES;
				CLANG_WARN_RANGE_LOOP_ANALYSIS = YES;
				CLANG_WARN_STRICT_PROTOTYPES = YES;
				CLANG_WARN_SUSPICIOUS_MOVE = YES;
				CLANG_WARN_UNGUARDED_AVAILABILITY = YES_AGGRESSIVE;
				CLANG_WARN_UNREACHABLE_CODE = YES;
				CLANG_WARN__DUPLICATE_METHOD_MATCH = YES;
				COPY_PHASE_STRIP = NO;
				DEBUG_INFORMATION_FORMAT = dwarf;
				ENABLE_STRICT_OBJC_MSGSEND = YES;
				ENABLE_TESTABILITY = YES;
				ENABLE_USER_SCRIPT_SANDBOXING = YES;
				GCC_C_LANGUAGE_STANDARD = gnu17;
				GCC_DYNAMIC_NO_PIC = NO;
				GCC_NO_COMMON_BLOCKS = YES;
				GCC_OPTIMIZATION_LEVEL = 0;
				GCC_PREPROCESSOR_DEFINITIONS = (
					"DEBUG=1",
					"$(inherited)",
				);
				GCC_WARN_64_TO_32_BIT_CONVERSION = YES;
				GCC_WARN_ABOUT_RETURN_TYPE = YES_ERROR;
				GCC_WARN_UNDECLARED_SELECTOR = YES;
				GCC_WARN_UNINITIALIZED_AUTOS = YES_AGGRESSIVE;
				GCC_WARN_UNUSED_FUNCTION = YES;
				GCC_WARN_UNUSED_VARIABLE = YES;
				IPHONEOS_DEPLOYMENT_TARGET = 18.1;
				LOCALIZATION_PREFERS_STRING_CATALOGS = YES;
				MTL_ENABLE_DEBUG_INFO = INCLUDE_SOURCE;
				MTL_FAST_MATH = YES;
				ONLY_ACTIVE_ARCH = YES;
				SDKROOT = iphoneos;
				SWIFT_ACTIVE_COMPILATION_CONDITIONS = "DEBUG $(inherited)";
				SWIFT_OPTIMIZATION_LEVEL = "-Onone";
			};
			name = Debug;
		};
		FCA566CD2CF0CA0C003F8DA0 /* Release */ = {
			isa = XCBuildConfiguration;
			buildSettings = {
				ALWAYS_SEARCH_USER_PATHS = NO;
				ASSETCATALOG_COMPILER_GENERATE_SWIFT_ASSET_SYMBOL_EXTENSIONS = YES;
				CLANG_ANALYZER_NONNULL = YES;
				CLANG_ANALYZER_NUMBER_OBJECT_CONVERSION = YES_AGGRESSIVE;
				CLANG_CXX_LANGUAGE_STANDARD = "gnu++20";
				CLANG_ENABLE_MODULES = YES;
				CLANG_ENABLE_OBJC_ARC = YES;
				CLANG_ENABLE_OBJC_WEAK = YES;
				CLANG_WARN_BLOCK_CAPTURE_AUTORELEASING = YES;
				CLANG_WARN_BOOL_CONVERSION = YES;
				CLANG_WARN_COMMA = YES;
				CLANG_WARN_CONSTANT_CONVERSION = YES;
				CLANG_WARN_DEPRECATED_OBJC_IMPLEMENTATIONS = YES;
				CLANG_WARN_DIRECT_OBJC_ISA_USAGE = YES_ERROR;
				CLANG_WARN_DOCUMENTATION_COMMENTS = YES;
				CLANG_WARN_EMPTY_BODY = YES;
				CLANG_WARN_ENUM_CONVERSION = YES;
				CLANG_WARN_INFINITE_RECURSION = YES;
				CLANG_WARN_INT_CONVERSION = YES;
				CLANG_WARN_NON_LITERAL_NULL_CONVERSION = YES;
				CLANG_WARN_OBJC_IMPLICIT_RETAIN_SELF = YES;
				CLANG_WARN_OBJC_LITERAL_CONVERSION = YES;
				CLANG_WARN_OBJC_ROOT_CLASS = YES_ERROR;
				CLANG_WARN_QUOTED_INCLUDE_IN_FRAMEWORK_HEADER = YES;
				CLANG_WARN_RANGE_LOOP_ANALYSIS = YES;
				CLANG_WARN_STRICT_PROTOTYPES = YES;
				CLANG_WARN_SUSPICIOUS_MOVE = YES;
				CLANG_WARN_UNGUARDED_AVAILABILITY = YES_AGGRESSIVE;
				CLANG_WARN_UNREACHABLE_CODE = YES;
				CLANG_WARN__DUPLICATE_METHOD_MATCH = YES;
				COPY_PHASE_STRIP = NO;
				DEBUG_INFORMATION_FORMAT = "dwarf-with-dsym";
				ENABLE_NS_ASSERTIONS = NO;
				ENABLE_STRICT_OBJC_MSGSEND = YES;
				ENABLE_USER_SCRIPT_SANDBOXING = YES;
				GCC_C_LANGUAGE_STANDARD = gnu17;
				GCC_NO_COMMON_BLOCKS = YES;
				GCC_WARN_64_TO_32_BIT_CONVERSION = YES;
				GCC_WARN_ABOUT_RETURN_TYPE = YES_ERROR;
				GCC_WARN_UNDECLARED_SELECTOR = YES;
				GCC_WARN_UNINITIALIZED_AUTOS = YES_AGGRESSIVE;
				GCC_WARN_UNUSED_FUNCTION = YES;
				GCC_WARN_UNUSED_VARIABLE = YES;
				IPHONEOS_DEPLOYMENT_TARGET = 18.1;
				LOCALIZATION_PREFERS_STRING_CATALOGS = YES;
				MTL_ENABLE_DEBUG_INFO = NO;
				MTL_FAST_MATH = YES;
				SDKROOT = iphoneos;
				SWIFT_COMPILATION_MODE = wholemodule;
				VALIDATE_PRODUCT = YES;
			};
			name = Release;
		};
		FCA566CF2CF0CA0C003F8DA0 /* Debug */ = {
			isa = XCBuildConfiguration;
			buildSettings = {
				ASSETCATALOG_COMPILER_APPICON_NAME = AppIcon;
				ASSETCATALOG_COMPILER_GLOBAL_ACCENT_COLOR_NAME = AccentColor;
				CODE_SIGN_STYLE = Automatic;
				CURRENT_PROJECT_VERSION = 1;
				DEVELOPMENT_ASSET_PATHS = "\"FitnessApp/Preview Content\"";
				DEVELOPMENT_TEAM = 275QYZ43X9;
				ENABLE_PREVIEWS = YES;
				GENERATE_INFOPLIST_FILE = YES;
				INFOPLIST_KEY_UIApplicationSceneManifest_Generation = YES;
				INFOPLIST_KEY_UIApplicationSupportsIndirectInputEvents = YES;
				INFOPLIST_KEY_UILaunchScreen_Generation = YES;
				INFOPLIST_KEY_UISupportedInterfaceOrientations_iPad = "UIInterfaceOrientationPortrait UIInterfaceOrientationPortraitUpsideDown UIInterfaceOrientationLandscapeLeft UIInterfaceOrientationLandscapeRight";
				INFOPLIST_KEY_UISupportedInterfaceOrientations_iPhone = "UIInterfaceOrientationPortrait UIInterfaceOrientationLandscapeLeft UIInterfaceOrientationLandscapeRight";
				LD_RUNPATH_SEARCH_PATHS = (
					"$(inherited)",
					"@executable_path/Frameworks",
				);
				MARKETING_VERSION = 1.0;
				PRODUCT_BUNDLE_IDENTIFIER = s.sample.FitnessApp;
				PRODUCT_NAME = "$(TARGET_NAME)";
				SWIFT_EMIT_LOC_STRINGS = YES;
				SWIFT_VERSION = 5.0;
				TARGETED_DEVICE_FAMILY = "1,2";
			};
			name = Debug;
		};
		FCA566D02CF0CA0C003F8DA0 /* Release */ = {
			isa = XCBuildConfiguration;
			buildSettings = {
				ASSETCATALOG_COMPILER_APPICON_NAME = AppIcon;
				ASSETCATALOG_COMPILER_GLOBAL_ACCENT_COLOR_NAME = AccentColor;
				CODE_SIGN_STYLE = Automatic;
				CURRENT_PROJECT_VERSION = 1;
				DEVELOPMENT_ASSET_PATHS = "\"FitnessApp/Preview Content\"";
				DEVELOPMENT_TEAM = 275QYZ43X9;
				ENABLE_PREVIEWS = YES;
				GENERATE_INFOPLIST_FILE = YES;
				INFOPLIST_KEY_UIApplicationSceneManifest_Generation = YES;
				INFOPLIST_KEY_UIApplicationSupportsIndirectInputEvents = YES;
				INFOPLIST_KEY_UILaunchScreen_Generation = YES;
				INFOPLIST_KEY_UISupportedInterfaceOrientations_iPad = "UIInterfaceOrientationPortrait UIInterfaceOrientationPortraitUpsideDown UIInterfaceOrientationLandscapeLeft UIInterfaceOrientationLandscapeRight";
				INFOPLIST_KEY_UISupportedInterfaceOrientations_iPhone = "UIInterfaceOrientationPortrait UIInterfaceOrientationLandscapeLeft UIInterfaceOrientationLandscapeRight";
				LD_RUNPATH_SEARCH_PATHS = (
					"$(inherited)",
					"@executable_path/Frameworks",
				);
				MARKETING_VERSION = 1.0;
				PRODUCT_BUNDLE_IDENTIFIER = s.sample.FitnessApp;
				PRODUCT_NAME = "$(TARGET_NAME)";
				SWIFT_EMIT_LOC_STRINGS = YES;
				SWIFT_VERSION = 5.0;
				TARGETED_DEVICE_FAMILY = "1,2";
			};
			name = Release;
		};
		FCA566D22CF0CA0C003F8DA0 /* Debug */ = {
			isa = XCBuildConfiguration;
			buildSettings = {
				BUNDLE_LOADER = "$(TEST_HOST)";
				CODE_SIGN_STYLE = Automatic;
				CURRENT_PROJECT_VERSION = 1;
				DEVELOPMENT_TEAM = 275QYZ43X9;
				GENERATE_INFOPLIST_FILE = YES;
				IPHONEOS_DEPLOYMENT_TARGET = 18.1;
				MARKETING_VERSION = 1.0;
				PRODUCT_BUNDLE_IDENTIFIER = s.sample.FitnessAppTests;
				PRODUCT_NAME = "$(TARGET_NAME)";
				SWIFT_EMIT_LOC_STRINGS = NO;
				SWIFT_VERSION = 5.0;
				TARGETED_DEVICE_FAMILY = "1,2";
				TEST_HOST = "$(BUILT_PRODUCTS_DIR)/FitnessApp.app/$(BUNDLE_EXECUTABLE_FOLDER_PATH)/FitnessApp";
			};
			name = Debug;
		};
		FCA566D32CF0CA0C003F8DA0 /* Release */ = {
			isa = XCBuildConfiguration;
			buildSettings = {
				BUNDLE_LOADER = "$(TEST_HOST)";
				CODE_SIGN_STYLE = Automatic;
				CURRENT_PROJECT_VERSION = 1;
				DEVELOPMENT_TEAM = 275QYZ43X9;
				GENERATE_INFOPLIST_FILE = YES;
				IPHONEOS_DEPLOYMENT_TARGET = 18.1;
				MARKETING_VERSION = 1.0;
				PRODUCT_BUNDLE_IDENTIFIER = s.sample.FitnessAppTests;
				PRODUCT_NAME = "$(TARGET_NAME)";
				SWIFT_EMIT_LOC_STRINGS = NO;
				SWIFT_VERSION = 5.0;
				TARGETED_DEVICE_FAMILY = "1,2";
				TEST_HOST = "$(BUILT_PRODUCTS_DIR)/FitnessApp.app/$(BUNDLE_EXECUTABLE_FOLDER_PATH)/FitnessApp";
			};
			name = Release;
		};
		FCA566D52CF0CA0C003F8DA0 /* Debug */ = {
			isa = XCBuildConfiguration;
			buildSettings = {
				CODE_SIGN_STYLE = Automatic;
				CURRENT_PROJECT_VERSION = 1;
				DEVELOPMENT_TEAM = 275QYZ43X9;
				GENERATE_INFOPLIST_FILE = YES;
				MARKETING_VERSION = 1.0;
				PRODUCT_BUNDLE_IDENTIFIER = s.sample.FitnessAppUITests;
				PRODUCT_NAME = "$(TARGET_NAME)";
				SWIFT_EMIT_LOC_STRINGS = NO;
				SWIFT_VERSION = 5.0;
				TARGETED_DEVICE_FAMILY = "1,2";
				TEST_TARGET_NAME = FitnessApp;
			};
			name = Debug;
		};
		FCA566D62CF0CA0C003F8DA0 /* Release */ = {
			isa = XCBuildConfiguration;
			buildSettings = {
				CODE_SIGN_STYLE = Automatic;
				CURRENT_PROJECT_VERSION = 1;
				DEVELOPMENT_TEAM = 275QYZ43X9;
				GENERATE_INFOPLIST_FILE = YES;
				MARKETING_VERSION = 1.0;
				PRODUCT_BUNDLE_IDENTIFIER = s.sample.FitnessAppUITests;
				PRODUCT_NAME = "$(TARGET_NAME)";
				SWIFT_EMIT_LOC_STRINGS = NO;
				SWIFT_VERSION = 5.0;
				TARGETED_DEVICE_FAMILY = "1,2";
				TEST_TARGET_NAME = FitnessApp;
			};
			name = Release;
		};
/* End XCBuildConfiguration section */

/* Begin XCConfigurationList section */
		FCA566A52CF0CA0B003F8DA0 /* Build configuration list for PBXProject "FitnessApp" */ = {
			isa = XCConfigurationList;
			buildConfigurations = (
				FCA566CC2CF0CA0C003F8DA0 /* Debug */,
				FCA566CD2CF0CA0C003F8DA0 /* Release */,
			);
			defaultConfigurationIsVisible = 0;
			defaultConfigurationName = Release;
		};
		FCA566CE2CF0CA0C003F8DA0 /* Build configuration list for PBXNativeTarget "FitnessApp" */ = {
			isa = XCConfigurationList;
			buildConfigurations = (
				FCA566CF2CF0CA0C003F8DA0 /* Debug */,
				FCA566D02CF0CA0C003F8DA0 /* Release */,
			);
			defaultConfigurationIsVisible = 0;
			defaultConfigurationName = Release;
		};
		FCA566D12CF0CA0C003F8DA0 /* Build configuration list for PBXNativeTarget "FitnessAppTests" */ = {
			isa = XCConfigurationList;
			buildConfigurations = (
				FCA566D22CF0CA0C003F8DA0 /* Debug */,
				FCA566D32CF0CA0C003F8DA0 /* Release */,
			);
			defaultConfigurationIsVisible = 0;
			defaultConfigurationName = Release;
		};
		FCA566D42CF0CA0C003F8DA0 /* Build configuration list for PBXNativeTarget "FitnessAppUITests" */ = {
			isa = XCConfigurationList;
			buildConfigurations = (
				FCA566D52CF0CA0C003F8DA0 /* Debug */,
				FCA566D62CF0CA0C003F8DA0 /* Release */,
			);
			defaultConfigurationIsVisible = 0;
			defaultConfigurationName = Release;
		};
/* End XCConfigurationList section */

/* Begin XCRemoteSwiftPackageReference section */
		FCA566D92CF0CEA6003F8DA0 /* XCRemoteSwiftPackageReference "firebase-ios-sdk" */ = {
			isa = XCRemoteSwiftPackageReference;
			repositoryURL = "https://github.com/firebase/firebase-ios-sdk";
			requirement = {
				kind = upToNextMajorVersion;
				minimumVersion = 11.5.0;
			};
		};
/* End XCRemoteSwiftPackageReference section */

/* Begin XCSwiftPackageProductDependency section */
		FC2D87052D305EF00091D107 /* FirebaseAuth */ = {
			isa = XCSwiftPackageProductDependency;
			package = FCA566D92CF0CEA6003F8DA0 /* XCRemoteSwiftPackageReference "firebase-ios-sdk" */;
			productName = FirebaseAuth;
		};
		FC2D87072D305EF00091D107 /* FirebaseCore */ = {
			isa = XCSwiftPackageProductDependency;
			package = FCA566D92CF0CEA6003F8DA0 /* XCRemoteSwiftPackageReference "firebase-ios-sdk" */;
			productName = FirebaseCore;
		};
		FC2D87092D305EF00091D107 /* FirebaseDatabase */ = {
			isa = XCSwiftPackageProductDependency;
			package = FCA566D92CF0CEA6003F8DA0 /* XCRemoteSwiftPackageReference "firebase-ios-sdk" */;
			productName = FirebaseDatabase;
		};
		FCA566DA2CF0CEA6003F8DA0 /* FirebaseAnalytics */ = {
			isa = XCSwiftPackageProductDependency;
			package = FCA566D92CF0CEA6003F8DA0 /* XCRemoteSwiftPackageReference "firebase-ios-sdk" */;
			productName = FirebaseAnalytics;
		};
		FCA566DC2CF0CEA6003F8DA0 /* FirebaseAnalyticsOnDeviceConversion */ = {
			isa = XCSwiftPackageProductDependency;
			package = FCA566D92CF0CEA6003F8DA0 /* XCRemoteSwiftPackageReference "firebase-ios-sdk" */;
			productName = FirebaseAnalyticsOnDeviceConversion;
		};
		FCA566DE2CF0CEA6003F8DA0 /* FirebaseAnalyticsWithoutAdIdSupport */ = {
			isa = XCSwiftPackageProductDependency;
			package = FCA566D92CF0CEA6003F8DA0 /* XCRemoteSwiftPackageReference "firebase-ios-sdk" */;
			productName = FirebaseAnalyticsWithoutAdIdSupport;
		};
		FCA566E02CF0CEA6003F8DA0 /* FirebaseAppCheck */ = {
			isa = XCSwiftPackageProductDependency;
			package = FCA566D92CF0CEA6003F8DA0 /* XCRemoteSwiftPackageReference "firebase-ios-sdk" */;
			productName = FirebaseAppCheck;
		};
		FCA566E22CF0CEA6003F8DA0 /* FirebaseAuth */ = {
			isa = XCSwiftPackageProductDependency;
			package = FCA566D92CF0CEA6003F8DA0 /* XCRemoteSwiftPackageReference "firebase-ios-sdk" */;
			productName = FirebaseAuth;
		};
		FCA566E42CF0CEA6003F8DA0 /* FirebaseFirestore */ = {
			isa = XCSwiftPackageProductDependency;
			package = FCA566D92CF0CEA6003F8DA0 /* XCRemoteSwiftPackageReference "firebase-ios-sdk" */;
			productName = FirebaseFirestore;
		};
		FCA566E62CF0CEA6003F8DA0 /* FirebaseFirestoreCombine-Community */ = {
			isa = XCSwiftPackageProductDependency;
			package = FCA566D92CF0CEA6003F8DA0 /* XCRemoteSwiftPackageReference "firebase-ios-sdk" */;
			productName = "FirebaseFirestoreCombine-Community";
		};
/* End XCSwiftPackageProductDependency section */
	};
	rootObject = FCA566A22CF0CA0B003F8DA0 /* Project object */;
}
